
Microsoft Visual Studio Solution File, Format Version 12.00
# Visual Studio Version 17
VisualStudioVersion = 17.14.37111.16
MinimumVisualStudioVersion = 10.0.40219.1
Project("{FAE04EC0-301F-11D3-BF4B-00C04F79EFBC}") = "WPF", "WPF\WPF.csproj", "{75896B07-A20C-4375-B8B5-82E18A9889E3}"
EndProject
Project("{FAE04EC0-301F-11D3-BF4B-00C04F79EFBC}") = "Grid", "Grid\Grid.csproj", "{163C214B-B8A3-4C8B-A65B-42CA8396A8C6}"
EndProject
Project("{FAE04EC0-301F-11D3-BF4B-00C04F79EFBC}") = "Binding", "Binding\Binding.csproj", "{85B532D8-E47B-493D-AB28-756046EBAA09}"
EndProject
Global
	GlobalSection(SolutionConfigurationPlatforms) = preSolution
		Debug|Any CPU = Debug|Any CPU
		Release|Any CPU = Release|Any CPU
	EndGlobalSection
	GlobalSection(ProjectConfigurationPlatforms) = postSolution
		{75896B07-A20C-4375-B8B5-82E18A9889E3}.Debug|Any CPU.ActiveCfg = Debug|Any CPU
		{75896B07-A20C-4375-B8B5-82E18A9889E3}.Debug|Any CPU.Build.0 = Debug|Any CPU
		{75896B07-A20C-4375-B8B5-82E18A9889E3}.Release|Any CPU.ActiveCfg = Release|Any CPU
		{75896B07-A20C-4375-B8B5-82E18A9889E3}.Release|Any CPU.Build.0 = Release|Any CPU
		{163C214B-B8A3-4C8B-A65B-42CA8396A8C6}.Debug|Any CPU.ActiveCfg = Debug|Any CPU
		{163C214B-B8A3-4C8B-A65B-42CA8396A8C6}.Debug|Any CPU.Build.0 = Debug|Any CPU
		{163C214B-B8A3-4C8B-A65B-42CA8396A8C6}.Release|Any CPU.ActiveCfg = Release|Any CPU
		{163C214B-B8A3-4C8B-A65B-42CA8396A8C6}.Release|Any CPU.Build.0 = Release|Any CPU
		{85B532D8-E47B-493D-AB28-756046EBAA09}.Debug|Any CPU.ActiveCfg = Debug|Any CPU
		{85B532D8-E47B-493D-AB28-756046EBAA09}.Debug|Any CPU.Build.0 = Debug|Any CPU
		{85B532D8-E47B-493D-AB28-756046EBAA09}.Release|Any CPU.ActiveCfg = Release|Any CPU
		{85B532D8-E47B-493D-AB28-756046EBAA09}.Release|Any CPU.Build.0 = Release|Any CPU
	EndGlobalSection
	GlobalSection(SolutionProperties) = preSolution
		HideSolutionNode = FALSE
	EndGlobalSection
	GlobalSection(ExtensibilityGlobals) = postSolution
		SolutionGuid = {2680D6E1-93AC-461C-984F-D7EDE55C0E0C}
	EndGlobalSection
EndGlobal
